
Microsoft Visual Studio Solution File, Format Version 12.00
Project("{FAE04EC0-301F-11D3-BF4B-00C04F79EFBC}") = "StopStealingMyMouse", "StopStealingMyMouse\StopStealingMyMouse.csproj", "{95408493-CAFD-43A5-9811-A20B9A1B7ECE}"
EndProject
Global
	GlobalSection(SolutionConfigurationPlatforms) = preSolution
		Debug|Any CPU = Debug|Any CPU
		Release|Any CPU = Release|Any CPU
	EndGlobalSection
	GlobalSection(ProjectConfigurationPlatforms) = postSolution
		{95408493-CAFD-43A5-9811-A20B9A1B7ECE}.Debug|Any CPU.ActiveCfg = Debug|Any CPU
		{95408493-CAFD-43A5-9811-A20B9A1B7ECE}.Debug|Any CPU.Build.0 = Debug|Any CPU
		{95408493-CAFD-43A5-9811-A20B9A1B7ECE}.Release|Any CPU.ActiveCfg = Release|Any CPU
		{95408493-CAFD-43A5-9811-A20B9A1B7ECE}.Release|Any CPU.Build.0 = Release|Any CPU
	EndGlobalSection
EndGlobal
